
Microsoft Visual Studio Solution File, Format Version 12.00
# Visual Studio Version 16
VisualStudioVersion = 16.0.30413.136
MinimumVisualStudioVersion = 10.0.40219.1
Project("{FAE04EC0-301F-11D3-BF4B-00C04F79EFBC}") = "BemPromotora", "BemPromotora\BemPromotora.csproj", "{30C01B67-922D-424A-82F9-4B67CD3564B6}"
EndProject
Global
	GlobalSection(SolutionConfigurationPlatforms) = preSolution
		Debug|Any CPU = Debug|Any CPU
		Release|Any CPU = Release|Any CPU
	EndGlobalSection
	GlobalSection(ProjectConfigurationPlatforms) = postSolution
		{30C01B67-922D-424A-82F9-4B67CD3564B6}.Debug|Any CPU.ActiveCfg = Debug|Any CPU
		{30C01B67-922D-424A-82F9-4B67CD3564B6}.Debug|Any CPU.Build.0 = Debug|Any CPU
		{30C01B67-922D-424A-82F9-4B67CD3564B6}.Release|Any CPU.ActiveCfg = Release|Any CPU
		{30C01B67-922D-424A-82F9-4B67CD3564B6}.Release|Any CPU.Build.0 = Release|Any CPU
	EndGlobalSection
	GlobalSection(SolutionProperties) = preSolution
		HideSolutionNode = FALSE
	EndGlobalSection
	GlobalSection(ExtensibilityGlobals) = postSolution
		SolutionGuid = {F5E9E4B4-F890-4565-AE3B-9E8C67B9BB19}
	EndGlobalSection
EndGlobal
